// !$*UTF8*$!
{
	archiveVersion = 1;
	classes = {
	};
	objectVersion = 50;
	objects = {

/* Begin PBXBuildFile section */
		951522AB2240028000930457 /* main.cpp in Sources */ = {isa = PBXBuildFile; fileRef = 951522AA2240028000930457 /* main.cpp */; };
		951522B2224002F000930457 /* glad.c in Sources */ = {isa = PBXBuildFile; fileRef = 951522B1224002F000930457 /* glad.c */; };
		951522B52240032400930457 /* OpenGL.framework in Frameworks */ = {isa = PBXBuildFile; fileRef = 951522B42240032400930457 /* OpenGL.framework */; };
		951522B72240032C00930457 /* IOKit.framework in Frameworks */ = {isa = PBXBuildFile; fileRef = 951522B62240032C00930457 /* IOKit.framework */; };
		951522B92240033300930457 /* CoreVideo.framework in Frameworks */ = {isa = PBXBuildFile; fileRef = 951522B82240033300930457 /* CoreVideo.framework */; };
		951522BB2240033900930457 /* Cocoa.framework in Frameworks */ = {isa = PBXBuildFile; fileRef = 951522BA2240033900930457 /* Cocoa.framework */; };
		951522BD2240034200930457 /* GLUT.framework in Frameworks */ = {isa = PBXBuildFile; fileRef = 951522BC2240034200930457 /* GLUT.framework */; };
		951522BF2240034C00930457 /* libGLEW.a in Frameworks */ = {isa = PBXBuildFile; fileRef = 951522BE2240034C00930457 /* libGLEW.a */; };
		951522C12240035600930457 /* libglfw3.a in Frameworks */ = {isa = PBXBuildFile; fileRef = 951522C02240035600930457 /* libglfw3.a */; };
/* End PBXBuildFile section */

/* Begin PBXCopyFilesBuildPhase section */
		951522A52240028000930457 /* CopyFiles */ = {
			isa = PBXCopyFilesBuildPhase;
			buildActionMask = 2147483647;
			dstPath = /usr/share/man/man1/;
			dstSubfolderSpec = 0;
			files = (
			);
			runOnlyForDeploymentPostprocessing = 1;
		};
/* End PBXCopyFilesBuildPhase section */

/* Begin PBXFileReference section */
		951522A72240028000930457 /* LearnOG */ = {isa = PBXFileReference; explicitFileType = "compiled.mach-o.executable"; includeInIndex = 0; path = LearnOG; sourceTree = BUILT_PRODUCTS_DIR; };
		951522AA2240028000930457 /* main.cpp */ = {isa = PBXFileReference; lastKnownFileType = sourcecode.cpp.cpp; path = main.cpp; sourceTree = "<group>"; };
		951522B1224002F000930457 /* glad.c */ = {isa = PBXFileReference; fileEncoding = 4; lastKnownFileType = sourcecode.c.c; path = glad.c; sourceTree = "<group>"; };
		951522B42240032400930457 /* OpenGL.framework */ = {isa = PBXFileReference; lastKnownFileType = wrapper.framework; name = OpenGL.framework; path = System/Library/Frameworks/OpenGL.framework; sourceTree = SDKROOT; };
		951522B62240032C00930457 /* IOKit.framework */ = {isa = PBXFileReference; lastKnownFileType = wrapper.framework; name = IOKit.framework; path = System/Library/Frameworks/IOKit.framework; sourceTree = SDKROOT; };
		951522B82240033300930457 /* CoreVideo.framework */ = {isa = PBXFileReference; lastKnownFileType = wrapper.framework; name = CoreVideo.framework; path = System/Library/Frameworks/CoreVideo.framework; sourceTree = SDKROOT; };
		951522BA2240033900930457 /* Cocoa.framework */ = {isa = PBXFileReference; lastKnownFileType = wrapper.framework; name = Cocoa.framework; path = System/Library/Frameworks/Cocoa.framework; sourceTree = SDKROOT; };
		951522BC2240034200930457 /* GLUT.framework */ = {isa = PBXFileReference; lastKnownFileType = wrapper.framework; name = GLUT.framework; path = System/Library/Frameworks/GLUT.framework; sourceTree = SDKROOT; };
		951522BE2240034C00930457 /* libGLEW.a */ = {isa = PBXFileReference; lastKnownFileType = archive.ar; name = libGLEW.a; path = ../../../../usr/local/lib/libGLEW.a; sourceTree = "<group>"; };
		951522C02240035600930457 /* libglfw3.a */ = {isa = PBXFileReference; lastKnownFileType = archive.ar; name = libglfw3.a; path = ../../../../usr/local/lib/libglfw3.a; sourceTree = "<group>"; };
/* End PBXFileReference section */

/* Begin PBXFrameworksBuildPhase section */
		951522A42240028000930457 /* Frameworks */ = {
			isa = PBXFrameworksBuildPhase;
			buildActionMask = 2147483647;
			files = (
				951522C12240035600930457 /* libglfw3.a in Frameworks */,
				951522BF2240034C00930457 /* libGLEW.a in Frameworks */,
				951522BD2240034200930457 /* GLUT.framework in Frameworks */,
				951522BB2240033900930457 /* Cocoa.framework in Frameworks */,
				951522B92240033300930457 /* CoreVideo.framework in Frameworks */,
				951522B72240032C00930457 /* IOKit.framework in Frameworks */,
				951522B52240032400930457 /* OpenGL.framework in Frameworks */,
			);
			runOnlyForDeploymentPostprocessing = 0;
		};
/* End PBXFrameworksBuildPhase section */

/* Begin PBXGroup section */
		9515229E2240028000930457 = {
			isa = PBXGroup;
			children = (
				951522A92240028000930457 /* LearnOG */,
				951522A82240028000930457 /* Products */,
				951522B32240032400930457 /* Frameworks */,
			);
			sourceTree = "<group>";
		};
		951522A82240028000930457 /* Products */ = {
			isa = PBXGroup;
			children = (
				951522A72240028000930457 /* LearnOG */,
			);
			name = Products;
			sourceTree = "<group>";
		};
		951522A92240028000930457 /* LearnOG */ = {
			isa = PBXGroup;
			children = (
				951522AA2240028000930457 /* main.cpp */,
				951522B1224002F000930457 /* glad.c */,
			);
			path = LearnOG;
			sourceTree = "<group>";
		};
		951522B32240032400930457 /* Frameworks */ = {
			isa = PBXGroup;
			children = (
				951522C02240035600930457 /* libglfw3.a */,
				951522BE2240034C00930457 /* libGLEW.a */,
				951522BC2240034200930457 /* GLUT.framework */,
				951522BA2240033900930457 /* Cocoa.framework */,
				951522B82240033300930457 /* CoreVideo.framework */,
				951522B62240032C00930457 /* IOKit.framework */,
				951522B42240032400930457 /* OpenGL.framework */,
			);
			name = Frameworks;
			sourceTree = "<group>";
		};
/* End PBXGroup section */

/* Begin PBXNativeTarget section */
		951522A62240028000930457 /* LearnOG */ = {
			isa = PBXNativeTarget;
			buildConfigurationList = 951522AE2240028000930457 /* Build configuration list for PBXNativeTarget "LearnOG" */;
			buildPhases = (
				951522A32240028000930457 /* Sources */,
				951522A42240028000930457 /* Frameworks */,
				951522A52240028000930457 /* CopyFiles */,
			);
			buildRules = (
			);
			dependencies = (
			);
			name = LearnOG;
			productName = LearnOG;
			productReference = 951522A72240028000930457 /* LearnOG */;
			productType = "com.apple.product-type.tool";
		};
/* End PBXNativeTarget section */

/* Begin PBXProject section */
		9515229F2240028000930457 /* Project object */ = {
			isa = PBXProject;
			attributes = {
				LastUpgradeCheck = 1010;
				ORGANIZATIONNAME = "王宇晨";
				TargetAttributes = {
					951522A62240028000930457 = {
						CreatedOnToolsVersion = 10.1;
					};
				};
			};
			buildConfigurationList = 951522A22240028000930457 /* Build configuration list for PBXProject "LearnOG" */;
			compatibilityVersion = "Xcode 9.3";
			developmentRegion = en;
			hasScannedForEncodings = 0;
			knownRegions = (
				en,
			);
			mainGroup = 9515229E2240028000930457;
			productRefGroup = 951522A82240028000930457 /* Products */;
			projectDirPath = "";
			projectRoot = "";
			targets = (
				951522A62240028000930457 /* LearnOG */,
			);
		};
/* End PBXProject section */

/* Begin PBXSourcesBuildPhase section */
		951522A32240028000930457 /* Sources */ = {
			isa = PBXSourcesBuildPhase;
			buildActionMask = 2147483647;
			files = (
				951522AB2240028000930457 /* main.cpp in Sources */,
				951522B2224002F000930457 /* glad.c in Sources */,
			);
			runOnlyForDeploymentPostprocessing = 0;
		};
/* End PBXSourcesBuildPhase section */

/* Begin XCBuildConfiguration section */
		951522AC2240028000930457 /* Debug */ = {
			isa = XCBuildConfiguration;
			buildSettings = {
				ALWAYS_SEARCH_USER_PATHS = NO;
				CLANG_ANALYZER_NONNULL = YES;
				CLANG_ANALYZER_NUMBER_OBJECT_CONVERSION = YES_AGGRESSIVE;
				CLANG_CXX_LANGUAGE_STANDARD = "gnu++14";
				CLANG_CXX_LIBRARY = "libc++";
				CLANG_ENABLE_MODULES = YES;
				CLANG_ENABLE_OBJC_ARC = YES;
				CLANG_ENABLE_OBJC_WEAK = YES;
				CLANG_WARN_BLOCK_CAPTURE_AUTORELEASING = YES;
				CLANG_WARN_BOOL_CONVERSION = YES;
				CLANG_WARN_COMMA = YES;
				CLANG_WARN_CONSTANT_CONVERSION = YES;
				CLANG_WARN_DEPRECATED_OBJC_IMPLEMENTATIONS = YES;
				CLANG_WARN_DIRECT_OBJC_ISA_USAGE = YES_ERROR;
				CLANG_WARN_DOCUMENTATION_COMMENTS = YES;
				CLANG_WARN_EMPTY_BODY = YES;
				CLANG_WARN_ENUM_CONVERSION = YES;
				CLANG_WARN_INFINITE_RECURSION = YES;
				CLANG_WARN_INT_CONVERSION = YES;
				CLANG_WARN_NON_LITERAL_NULL_CONVERSION = YES;
				CLANG_WARN_OBJC_IMPLICIT_RETAIN_SELF = YES;
				CLANG_WARN_OBJC_LITERAL_CONVERSION = YES;
				CLANG_WARN_OBJC_ROOT_CLASS = YES_ERROR;
				CLANG_WARN_RANGE_LOOP_ANALYSIS = YES;
				CLANG_WARN_STRICT_PROTOTYPES = YES;
				CLANG_WARN_SUSPICIOUS_MOVE = YES;
				CLANG_WARN_UNGUARDED_AVAILABILITY = YES_AGGRESSIVE;
				CLANG_WARN_UNREACHABLE_CODE = YES;
				CLANG_WARN__DUPLICATE_METHOD_MATCH = YES;
				CODE_SIGN_IDENTITY = "Mac Developer";
				COPY_PHASE_STRIP = NO;
				DEBUG_INFORMATION_FORMAT = dwarf;
				ENABLE_STRICT_OBJC_MSGSEND = YES;
				ENABLE_TESTABILITY = YES;
				GCC_C_LANGUAGE_STANDARD = gnu11;
				GCC_DYNAMIC_NO_PIC = NO;
				GCC_NO_COMMON_BLOCKS = YES;
				GCC_OPTIMIZATION_LEVEL = 0;
				GCC_PREPROCESSOR_DEFINITIONS = (
					"DEBUG=1",
					"$(inherited)",
				);
				GCC_WARN_64_TO_32_BIT_CONVERSION = YES;
				GCC_WARN_ABOUT_RETURN_TYPE = YES_ERROR;
				GCC_WARN_UNDECLARED_SELECTOR = YES;
				GCC_WARN_UNINITIALIZED_AUTOS = YES_AGGRESSIVE;
				GCC_WARN_UNUSED_FUNCTION = YES;
				GCC_WARN_UNUSED_VARIABLE = YES;
				MACOSX_DEPLOYMENT_TARGET = 10.14;
				MTL_ENABLE_DEBUG_INFO = INCLUDE_SOURCE;
				MTL_FAST_MATH = YES;
				ONLY_ACTIVE_ARCH = YES;
				SDKROOT = macosx;
			};
			name = Debug;
		};
		951522AD2240028000930457 /* Release */ = {
			isa = XCBuildConfiguration;
			buildSettings = {
				ALWAYS_SEARCH_USER_PATHS = NO;
				CLANG_ANALYZER_NONNULL = YES;
				CLANG_ANALYZER_NUMBER_OBJECT_CONVERSION = YES_AGGRESSIVE;
				CLANG_CXX_LANGUAGE_STANDARD = "gnu++14";
				CLANG_CXX_LIBRARY = "libc++";
				CLANG_ENABLE_MODULES = YES;
				CLANG_ENABLE_OBJC_ARC = YES;
				CLANG_ENABLE_OBJC_WEAK = YES;
				CLANG_WARN_BLOCK_CAPTURE_AUTORELEASING = YES;
				CLANG_WARN_BOOL_CONVERSION = YES;
				CLANG_WARN_COMMA = YES;
				CLANG_WARN_CONSTANT_CONVERSION = YES;
				CLANG_WARN_DEPRECATED_OBJC_IMPLEMENTATIONS = YES;
				CLANG_WARN_DIRECT_OBJC_ISA_USAGE = YES_ERROR;
				CLANG_WARN_DOCUMENTATION_COMMENTS = YES;
				CLANG_WARN_EMPTY_BODY = YES;
				CLANG_WARN_ENUM_CONVERSION = YES;
				CLANG_WARN_INFINITE_RECURSION = YES;
				CLANG_WARN_INT_CONVERSION = YES;
				CLANG_WARN_NON_LITERAL_NULL_CONVERSION = YES;
				CLANG_WARN_OBJC_IMPLICIT_RETAIN_SELF = YES;
				CLANG_WARN_OBJC_LITERAL_CONVERSION = YES;
				CLANG_WARN_OBJC_ROOT_CLASS = YES_ERROR;
				CLANG_WARN_RANGE_LOOP_ANALYSIS = YES;
				CLANG_WARN_STRICT_PROTOTYPES = YES;
				CLANG_WARN_SUSPICIOUS_MOVE = YES;
				CLANG_WARN_UNGUARDED_AVAILABILITY = YES_AGGRESSIVE;
				CLANG_WARN_UNREACHABLE_CODE = YES;
				CLANG_WARN__DUPLICATE_METHOD_MATCH = YES;
				CODE_SIGN_IDENTITY = "Mac Developer";
				COPY_PHASE_STRIP = NO;
				DEBUG_INFORMATION_FORMAT = "dwarf-with-dsym";
				ENABLE_NS_ASSERTIONS = NO;
				ENABLE_STRICT_OBJC_MSGSEND = YES;
				GCC_C_LANGUAGE_STANDARD = gnu11;
				GCC_NO_COMMON_BLOCKS = YES;
				GCC_WARN_64_TO_32_BIT_CONVERSION = YES;
				GCC_WARN_ABOUT_RETURN_TYPE = YES_ERROR;
				GCC_WARN_UNDECLARED_SELECTOR = YES;
				GCC_WARN_UNINITIALIZED_AUTOS = YES_AGGRESSIVE;
				GCC_WARN_UNUSED_FUNCTION = YES;
				GCC_WARN_UNUSED_VARIABLE = YES;
				MACOSX_DEPLOYMENT_TARGET = 10.14;
				MTL_ENABLE_DEBUG_INFO = NO;
				MTL_FAST_MATH = YES;
				SDKROOT = macosx;
			};
			name = Release;
		};
		951522AF2240028000930457 /* Debug */ = {
			isa = XCBuildConfiguration;
			buildSettings = {
				CLANG_ENABLE_MODULES = NO;
				CODE_SIGN_STYLE = Automatic;
				DEVELOPMENT_TEAM = 42F9QWRL5D;
				HEADER_SEARCH_PATHS = "/usr/local/include/**";
				LIBRARY_SEARCH_PATHS = "/usr/local/lib/**";
				ONLY_ACTIVE_ARCH = YES;
				PRODUCT_NAME = "$(TARGET_NAME)";
			};
			name = Debug;
		};
		951522B02240028000930457 /* Release */ = {
			isa = XCBuildConfiguration;
			buildSettings = {
				CLANG_ENABLE_MODULES = NO;
				CODE_SIGN_STYLE = Automatic;
				DEVELOPMENT_TEAM = 42F9QWRL5D;
				HEADER_SEARCH_PATHS = "/usr/local/include/**";
				LIBRARY_SEARCH_PATHS = "/usr/local/lib/**";
				ONLY_ACTIVE_ARCH = YES;
				PRODUCT_NAME = "$(TARGET_NAME)";
			};
			name = Release;
		};
/* End XCBuildConfiguration section */

/* Begin XCConfigurationList section */
		951522A22240028000930457 /* Build configuration list for PBXProject "LearnOG" */ = {
			isa = XCConfigurationList;
			buildConfigurations = (
				951522AC2240028000930457 /* Debug */,
				951522AD2240028000930457 /* Release */,
			);
			defaultConfigurationIsVisible = 0;
			defaultConfigurationName = Release;
		};
		951522AE2240028000930457 /* Build configuration list for PBXNativeTarget "LearnOG" */ = {
			isa = XCConfigurationList;
			buildConfigurations = (
				951522AF2240028000930457 /* Debug */,
				951522B02240028000930457 /* Release */,
			);
			defaultConfigurationIsVisible = 0;
			defaultConfigurationName = Release;
		};
/* End XCConfigurationList section */
	};
	rootObject = 9515229F2240028000930457 /* Project object */;
}
